
Microsoft Visual Studio Solution File, Format Version 12.00
# Visual Studio 15
Project("{FAE04EC0-301F-11D3-BF4B-00C04F79EFBC}") = "HelloOctokit", "HelloOctokit\HelloOctokit\HelloOctokit.csproj", "{3C194C06-666A-4B97-A66F-0436EB9C42A9}"
EndProject
Project("{FAE04EC0-301F-11D3-BF4B-00C04F79EFBC}") = "HelloOctokit.Desktop", "HelloOctokit\HelloOctokit.Desktop\HelloOctokit.Desktop.csproj", "{00C6301B-8960-4AA6-87EA-1CF83EFE3763}"
EndProject
Global
	GlobalSection(SolutionConfigurationPlatforms) = preSolution
		Debug|Any CPU = Debug|Any CPU
		Release|Any CPU = Release|Any CPU
	EndGlobalSection
	GlobalSection(ProjectConfigurationPlatforms) = postSolution
		{3C194C06-666A-4B97-A66F-0436EB9C42A9}.Debug|Any CPU.ActiveCfg = Debug|Any CPU
		{3C194C06-666A-4B97-A66F-0436EB9C42A9}.Debug|Any CPU.Build.0 = Debug|Any CPU
		{3C194C06-666A-4B97-A66F-0436EB9C42A9}.Release|Any CPU.ActiveCfg = Release|Any CPU
		{3C194C06-666A-4B97-A66F-0436EB9C42A9}.Release|Any CPU.Build.0 = Release|Any CPU
		{00C6301B-8960-4AA6-87EA-1CF83EFE3763}.Debug|Any CPU.ActiveCfg = Debug|Any CPU
		{00C6301B-8960-4AA6-87EA-1CF83EFE3763}.Debug|Any CPU.Build.0 = Debug|Any CPU
		{00C6301B-8960-4AA6-87EA-1CF83EFE3763}.Release|Any CPU.ActiveCfg = Release|Any CPU
		{00C6301B-8960-4AA6-87EA-1CF83EFE3763}.Release|Any CPU.Build.0 = Release|Any CPU
	EndGlobalSection
EndGlobal
